{
  "version": 4,
  "terraform_version": "1.14.3",
  "serial": 16,
  "lineage": "ae9fdeb7-d1b4-ca1e-8feb-e4da01fb10ce",
  "outputs": {
    "acr_admin_password": {
      "value": "5Udg04cYOxW1iUZQmZhm7Aej2BneTniAvXfmBnDJe0XUw3gxLEJuJQQJ99CDACYeBjFEqg7NAAACAZCRa7Ix",
      "type": "string",
      "sensitive": true
    },
    "acr_admin_username": {
      "value": "todoapijatin4599",
      "type": "string"
    },
    "acr_login_server": {
      "value": "todoapijatin4599.azurecr.io",
      "type": "string"
    }
  },
  "resources": [
    {
      "mode": "managed",
      "type": "azurerm_container_registry",
      "name": "acr",
      "provider": "provider[\"registry.terraform.io/hashicorp/azurerm\"]",
      "instances": [
        {
          "schema_version": 2,
          "attributes": {
            "admin_enabled": true,
            "admin_password": "5Udg04cYOxW1iUZQmZhm7Aej2BneTniAvXfmBnDJe0XUw3gxLEJuJQQJ99CDACYeBjFEqg7NAAACAZCRa7Ix",
            "admin_username": "todoapijatin4599",
            "anonymous_pull_enabled": false,
            "data_endpoint_enabled": false,
            "encryption": [
              {
                "enabled": false,
                "identity_client_id": "",
                "key_vault_key_id": ""
              }
            ],
            "export_policy_enabled": true,
            "georeplications": [],
            "id": "/subscriptions/283e459f-abe6-48f5-8c64-fbff7e160865/resourceGroups/todo-api-rg/providers/Microsoft.ContainerRegistry/registries/todoapijatin4599",
            "identity": [],
            "location": "eastus",
            "login_server": "todoapijatin4599.azurecr.io",
            "name": "todoapijatin4599",
            "network_rule_bypass_option": "AzureServices",
            "network_rule_set": [],
            "public_network_access_enabled": true,
            "quarantine_policy_enabled": false,
            "resource_group_name": "todo-api-rg",
            "retention_policy": [
              {
                "days": 7,
                "enabled": false
              }
            ],
            "sku": "Basic",
            "tags": {},
            "timeouts": null,
            "trust_policy": [
              {
                "enabled": false
              }
            ],
            "zone_redundancy_enabled": false
          },
          "sensitive_attributes": [
            [
              {
                "type": "get_attr",
                "value": "admin_password"
              }
            ]
          ],
          "identity_schema_version": 0,
          "private": "eyJlMmJmYjczMC1lY2FhLTExZTYtOGY4OC0zNDM2M2JjN2M0YzAiOnsiY3JlYXRlIjoxODAwMDAwMDAwMDAwLCJkZWxldGUiOjE4MDAwMDAwMDAwMDAsInJlYWQiOjMwMDAwMDAwMDAwMCwidXBkYXRlIjoxODAwMDAwMDAwMDAwfSwic2NoZW1hX3ZlcnNpb24iOiIyIn0=",
          "dependencies": [
            "azurerm_resource_group.rg"
          ]
        }
      ]
    },
    {
      "mode": "managed",
      "type": "azurerm_resource_group",
      "name": "rg",
      "provider": "provider[\"registry.terraform.io/hashicorp/azurerm\"]",
      "instances": [
        {
          "schema_version": 0,
          "attributes": {
            "id": "/subscriptions/283e459f-abe6-48f5-8c64-fbff7e160865/resourceGroups/todo-api-rg",
            "location": "eastus",
            "managed_by": "",
            "name": "todo-api-rg",
            "tags": {},
            "timeouts": null
          },
          "sensitive_attributes": [],
          "identity_schema_version": 0,
          "private": "eyJlMmJmYjczMC1lY2FhLTExZTYtOGY4OC0zNDM2M2JjN2M0YzAiOnsiY3JlYXRlIjo1NDAwMDAwMDAwMDAwLCJkZWxldGUiOjU0MDAwMDAwMDAwMDAsInJlYWQiOjMwMDAwMDAwMDAwMCwidXBkYXRlIjo1NDAwMDAwMDAwMDAwfX0="
        }
      ]
    }
  ],
  "check_results": null
}
